
Microsoft Visual Studio Solution File, Format Version 12.00
# Visual Studio Version 17
VisualStudioVersion = 17.10.34928.147
MinimumVisualStudioVersion = 10.0.40219.1
Project("{9A19103F-16F7-4668-BE54-9A1E7A4F7556}") = "PeopleApp", "PeopleApp\PeopleApp.csproj", "{54925EE0-168C-45E6-8D59-71F4CC462222}"
EndProject
Project("{2150E333-8FDC-42A3-9474-1A3956D46DE8}") = "Solution Items", "Solution Items", "{848FC689-649B-4DFF-BC12-FA5E98F87E46}"
	ProjectSection(SolutionItems) = preProject
		.gitignore = .gitignore
		Directory.Build.props = Directory.Build.props
		Directory.Build.targets = Directory.Build.targets
		Directory.Packages.props = Directory.Packages.props
		global.json = global.json
	EndProjectSection
EndProject
Global
	GlobalSection(SolutionConfigurationPlatforms) = preSolution
		Debug|Any CPU = Debug|Any CPU
		Release|Any CPU = Release|Any CPU
	EndGlobalSection
	GlobalSection(ProjectConfigurationPlatforms) = postSolution
		{54925EE0-168C-45E6-8D59-71F4CC462222}.Debug|Any CPU.ActiveCfg = Debug|Any CPU
		{54925EE0-168C-45E6-8D59-71F4CC462222}.Debug|Any CPU.Build.0 = Debug|Any CPU
		{54925EE0-168C-45E6-8D59-71F4CC462222}.Debug|Any CPU.Deploy.0 = Debug|Any CPU
		{54925EE0-168C-45E6-8D59-71F4CC462222}.Release|Any CPU.ActiveCfg = Release|Any CPU
		{54925EE0-168C-45E6-8D59-71F4CC462222}.Release|Any CPU.Build.0 = Release|Any CPU
		{54925EE0-168C-45E6-8D59-71F4CC462222}.Release|Any CPU.Deploy.0 = Release|Any CPU
	EndGlobalSection
	GlobalSection(SolutionProperties) = preSolution
		HideSolutionNode = FALSE
	EndGlobalSection
	GlobalSection(ExtensibilityGlobals) = postSolution
		SolutionGuid = {EDA736B5-72B6-42EA-BCE4-E65446C83D0C}
	EndGlobalSection
EndGlobal
